
Microsoft Visual Studio Solution File, Format Version 11.00
# Visual Studio 2010
Project("{FAE04EC0-301F-11D3-BF4B-00C04F79EFBC}") = "VSUnitTest", "TestProject1\VSUnitTest.csproj", "{6EFE4A67-7E32-480D-A1CD-9D629317676A}"
EndProject
Project("{2150E333-8FDC-42A3-9474-1A3956D46DE8}") = "Solution Items", "Solution Items", "{B980BB1F-472C-4DC5-9EB0-0B9E0D47DC79}"
EndProject
Project("{FAE04EC0-301F-11D3-BF4B-00C04F79EFBC}") = "ATestClass", "ConsoleApplication1\ATestClass.csproj", "{4FA284EB-274E-485B-B08E-B191DDB40AC1}"
EndProject
Project("{FAE04EC0-301F-11D3-BF4B-00C04F79EFBC}") = "ReflectionAndMultiThread", "WindowsFormsApplication1\ReflectionAndMultiThread.csproj", "{C52522BF-22F9-43B9-A6D4-2F97FE7866E0}"
EndProject
Project("{FAE04EC0-301F-11D3-BF4B-00C04F79EFBC}") = "BufferDraw", "WindowsFormsApplication2\BufferDraw.csproj", "{C84B765B-43D2-4621-8722-9DB42667419E}"
EndProject
Project("{2150E333-8FDC-42A3-9474-1A3956D46DE8}") = "Playground", "Playground", "{A375DED7-1CB0-4B3F-8181-16AAAFBD3E45}"
	ProjectSection(SolutionItems) = preProject
		Local.testsettings = Local.testsettings
		TestProject1.vsmdi = TestProject1.vsmdi
		TraceAndTestImpact.testsettings = TraceAndTestImpact.testsettings
	EndProjectSection
EndProject
Project("{FAE04EC0-301F-11D3-BF4B-00C04F79EFBC}") = "SharpmapTest", "SharpmapTest\SharpmapTest.csproj", "{BAD30DE0-99D9-419B-8E06-63C7FCCF6FEB}"
EndProject
Project("{2150E333-8FDC-42A3-9474-1A3956D46DE8}") = "Dependencies", "Dependencies", "{84EA3D21-3D36-4454-8A17-5F963FB63339}"
	ProjectSection(SolutionItems) = preProject
		SharpmapTest\Dependencies\SharpMap-0.9-AnyCPU-trunk-120204\BruTile.dll = SharpmapTest\Dependencies\SharpMap-0.9-AnyCPU-trunk-120204\BruTile.dll
		SharpmapTest\Dependencies\SharpMap-0.9-AnyCPU-trunk-120204\Newtonsoft.Json.dll = SharpmapTest\Dependencies\SharpMap-0.9-AnyCPU-trunk-120204\Newtonsoft.Json.dll
		SharpmapTest\Dependencies\SharpMap-0.9-AnyCPU-trunk-120204\Newtonsoft.Json.xml = SharpmapTest\Dependencies\SharpMap-0.9-AnyCPU-trunk-120204\Newtonsoft.Json.xml
		SharpmapTest\Dependencies\SharpMap-0.9-AnyCPU-trunk-120204\ProjNet.dll = SharpmapTest\Dependencies\SharpMap-0.9-AnyCPU-trunk-120204\ProjNet.dll
		SharpmapTest\Dependencies\SharpMap-0.9-AnyCPU-trunk-120204\ProjNet.xml = SharpmapTest\Dependencies\SharpMap-0.9-AnyCPU-trunk-120204\ProjNet.xml
		SharpmapTest\Dependencies\SharpMap-0.9-AnyCPU-trunk-120204\SharpMap.dll = SharpmapTest\Dependencies\SharpMap-0.9-AnyCPU-trunk-120204\SharpMap.dll
		SharpmapTest\Dependencies\SharpMap-0.9-AnyCPU-trunk-120204\SharpMap.UI.dll = SharpmapTest\Dependencies\SharpMap-0.9-AnyCPU-trunk-120204\SharpMap.UI.dll
		SharpmapTest\Dependencies\SharpMap-0.9-AnyCPU-trunk-120204\SharpMap.UI.XML = SharpmapTest\Dependencies\SharpMap-0.9-AnyCPU-trunk-120204\SharpMap.UI.XML
		SharpmapTest\Dependencies\SharpMap-0.9-AnyCPU-trunk-120204\SharpMap.xml = SharpmapTest\Dependencies\SharpMap-0.9-AnyCPU-trunk-120204\SharpMap.xml
	EndProjectSection
EndProject
Global
	GlobalSection(SubversionScc) = preSolution
		Svn-Managed = True
		Manager = AnkhSVN - Subversion Support for Visual Studio
	EndGlobalSection
	GlobalSection(SolutionConfigurationPlatforms) = preSolution
		Debug|Any CPU = Debug|Any CPU
		Debug|Mixed Platforms = Debug|Mixed Platforms
		Debug|x86 = Debug|x86
		Release|Any CPU = Release|Any CPU
		Release|Mixed Platforms = Release|Mixed Platforms
		Release|x86 = Release|x86
	EndGlobalSection
	GlobalSection(ProjectConfigurationPlatforms) = postSolution
		{6EFE4A67-7E32-480D-A1CD-9D629317676A}.Debug|Any CPU.ActiveCfg = Debug|Any CPU
		{6EFE4A67-7E32-480D-A1CD-9D629317676A}.Debug|Any CPU.Build.0 = Debug|Any CPU
		{6EFE4A67-7E32-480D-A1CD-9D629317676A}.Debug|Mixed Platforms.ActiveCfg = Debug|Any CPU
		{6EFE4A67-7E32-480D-A1CD-9D629317676A}.Debug|Mixed Platforms.Build.0 = Debug|Any CPU
		{6EFE4A67-7E32-480D-A1CD-9D629317676A}.Debug|x86.ActiveCfg = Debug|Any CPU
		{6EFE4A67-7E32-480D-A1CD-9D629317676A}.Release|Any CPU.ActiveCfg = Release|Any CPU
		{6EFE4A67-7E32-480D-A1CD-9D629317676A}.Release|Any CPU.Build.0 = Release|Any CPU
		{6EFE4A67-7E32-480D-A1CD-9D629317676A}.Release|Mixed Platforms.ActiveCfg = Release|Any CPU
		{6EFE4A67-7E32-480D-A1CD-9D629317676A}.Release|Mixed Platforms.Build.0 = Release|Any CPU
		{6EFE4A67-7E32-480D-A1CD-9D629317676A}.Release|x86.ActiveCfg = Release|Any CPU
		{4FA284EB-274E-485B-B08E-B191DDB40AC1}.Debug|Any CPU.ActiveCfg = Debug|x86
		{4FA284EB-274E-485B-B08E-B191DDB40AC1}.Debug|Mixed Platforms.ActiveCfg = Debug|x86
		{4FA284EB-274E-485B-B08E-B191DDB40AC1}.Debug|Mixed Platforms.Build.0 = Debug|x86
		{4FA284EB-274E-485B-B08E-B191DDB40AC1}.Debug|x86.ActiveCfg = Debug|x86
		{4FA284EB-274E-485B-B08E-B191DDB40AC1}.Debug|x86.Build.0 = Debug|x86
		{4FA284EB-274E-485B-B08E-B191DDB40AC1}.Release|Any CPU.ActiveCfg = Release|x86
		{4FA284EB-274E-485B-B08E-B191DDB40AC1}.Release|Mixed Platforms.ActiveCfg = Release|x86
		{4FA284EB-274E-485B-B08E-B191DDB40AC1}.Release|Mixed Platforms.Build.0 = Release|x86
		{4FA284EB-274E-485B-B08E-B191DDB40AC1}.Release|x86.ActiveCfg = Release|x86
		{4FA284EB-274E-485B-B08E-B191DDB40AC1}.Release|x86.Build.0 = Release|x86
		{C52522BF-22F9-43B9-A6D4-2F97FE7866E0}.Debug|Any CPU.ActiveCfg = Debug|x86
		{C52522BF-22F9-43B9-A6D4-2F97FE7866E0}.Debug|Mixed Platforms.ActiveCfg = Debug|x86
		{C52522BF-22F9-43B9-A6D4-2F97FE7866E0}.Debug|Mixed Platforms.Build.0 = Debug|x86
		{C52522BF-22F9-43B9-A6D4-2F97FE7866E0}.Debug|x86.ActiveCfg = Debug|x86
		{C52522BF-22F9-43B9-A6D4-2F97FE7866E0}.Debug|x86.Build.0 = Debug|x86
		{C52522BF-22F9-43B9-A6D4-2F97FE7866E0}.Release|Any CPU.ActiveCfg = Release|x86
		{C52522BF-22F9-43B9-A6D4-2F97FE7866E0}.Release|Mixed Platforms.ActiveCfg = Release|x86
		{C52522BF-22F9-43B9-A6D4-2F97FE7866E0}.Release|Mixed Platforms.Build.0 = Release|x86
		{C52522BF-22F9-43B9-A6D4-2F97FE7866E0}.Release|x86.ActiveCfg = Release|x86
		{C52522BF-22F9-43B9-A6D4-2F97FE7866E0}.Release|x86.Build.0 = Release|x86
		{C84B765B-43D2-4621-8722-9DB42667419E}.Debug|Any CPU.ActiveCfg = Debug|x86
		{C84B765B-43D2-4621-8722-9DB42667419E}.Debug|Mixed Platforms.ActiveCfg = Debug|x86
		{C84B765B-43D2-4621-8722-9DB42667419E}.Debug|Mixed Platforms.Build.0 = Debug|x86
		{C84B765B-43D2-4621-8722-9DB42667419E}.Debug|x86.ActiveCfg = Debug|x86
		{C84B765B-43D2-4621-8722-9DB42667419E}.Debug|x86.Build.0 = Debug|x86
		{C84B765B-43D2-4621-8722-9DB42667419E}.Release|Any CPU.ActiveCfg = Release|x86
		{C84B765B-43D2-4621-8722-9DB42667419E}.Release|Mixed Platforms.ActiveCfg = Release|x86
		{C84B765B-43D2-4621-8722-9DB42667419E}.Release|Mixed Platforms.Build.0 = Release|x86
		{C84B765B-43D2-4621-8722-9DB42667419E}.Release|x86.ActiveCfg = Release|x86
		{C84B765B-43D2-4621-8722-9DB42667419E}.Release|x86.Build.0 = Release|x86
		{BAD30DE0-99D9-419B-8E06-63C7FCCF6FEB}.Debug|Any CPU.ActiveCfg = Debug|x86
		{BAD30DE0-99D9-419B-8E06-63C7FCCF6FEB}.Debug|Mixed Platforms.ActiveCfg = Debug|x86
		{BAD30DE0-99D9-419B-8E06-63C7FCCF6FEB}.Debug|Mixed Platforms.Build.0 = Debug|x86
		{BAD30DE0-99D9-419B-8E06-63C7FCCF6FEB}.Debug|x86.ActiveCfg = Debug|x86
		{BAD30DE0-99D9-419B-8E06-63C7FCCF6FEB}.Debug|x86.Build.0 = Debug|x86
		{BAD30DE0-99D9-419B-8E06-63C7FCCF6FEB}.Release|Any CPU.ActiveCfg = Release|x86
		{BAD30DE0-99D9-419B-8E06-63C7FCCF6FEB}.Release|Mixed Platforms.ActiveCfg = Release|x86
		{BAD30DE0-99D9-419B-8E06-63C7FCCF6FEB}.Release|Mixed Platforms.Build.0 = Release|x86
		{BAD30DE0-99D9-419B-8E06-63C7FCCF6FEB}.Release|x86.ActiveCfg = Release|x86
		{BAD30DE0-99D9-419B-8E06-63C7FCCF6FEB}.Release|x86.Build.0 = Release|x86
	EndGlobalSection
	GlobalSection(SolutionProperties) = preSolution
		HideSolutionNode = FALSE
	EndGlobalSection
	GlobalSection(NestedProjects) = preSolution
		{BAD30DE0-99D9-419B-8E06-63C7FCCF6FEB} = {B980BB1F-472C-4DC5-9EB0-0B9E0D47DC79}
		{84EA3D21-3D36-4454-8A17-5F963FB63339} = {B980BB1F-472C-4DC5-9EB0-0B9E0D47DC79}
		{4FA284EB-274E-485B-B08E-B191DDB40AC1} = {A375DED7-1CB0-4B3F-8181-16AAAFBD3E45}
		{C84B765B-43D2-4621-8722-9DB42667419E} = {A375DED7-1CB0-4B3F-8181-16AAAFBD3E45}
		{C52522BF-22F9-43B9-A6D4-2F97FE7866E0} = {A375DED7-1CB0-4B3F-8181-16AAAFBD3E45}
		{6EFE4A67-7E32-480D-A1CD-9D629317676A} = {A375DED7-1CB0-4B3F-8181-16AAAFBD3E45}
	EndGlobalSection
EndGlobal
